
Microsoft Visual Studio Solution File, Format Version 12.00
# Visual Studio Version 17
VisualStudioVersion = 17.9.34607.119
MinimumVisualStudioVersion = 10.0.40219.1
Project("{FAE04EC0-301F-11D3-BF4B-00C04F79EFBC}") = "CollegeForm", "CollegeForm\CollegeForm.csproj", "{FA6EA4B4-FD71-4BCF-9210-8A2CC48BD612}"
EndProject
Global
	GlobalSection(SolutionConfigurationPlatforms) = preSolution
		Debug|Any CPU = Debug|Any CPU
		Release|Any CPU = Release|Any CPU
	EndGlobalSection
	GlobalSection(ProjectConfigurationPlatforms) = postSolution
		{FA6EA4B4-FD71-4BCF-9210-8A2CC48BD612}.Debug|Any CPU.ActiveCfg = Debug|Any CPU
		{FA6EA4B4-FD71-4BCF-9210-8A2CC48BD612}.Debug|Any CPU.Build.0 = Debug|Any CPU
		{FA6EA4B4-FD71-4BCF-9210-8A2CC48BD612}.Release|Any CPU.ActiveCfg = Release|Any CPU
		{FA6EA4B4-FD71-4BCF-9210-8A2CC48BD612}.Release|Any CPU.Build.0 = Release|Any CPU
	EndGlobalSection
	GlobalSection(SolutionProperties) = preSolution
		HideSolutionNode = FALSE
	EndGlobalSection
	GlobalSection(ExtensibilityGlobals) = postSolution
		SolutionGuid = {6A4F3C86-C3C5-4A35-8D8A-1273093780B7}
	EndGlobalSection
EndGlobal
